
Microsoft Visual Studio Solution File, Format Version 12.00
# Visual Studio 15
VisualStudioVersion = 15.0.26430.13
MinimumVisualStudioVersion = 10.0.40219.1
Project("{FAE04EC0-301F-11D3-BF4B-00C04F79EFBC}") = "AjusteProlex_WPF", "AjusteProlex_WPF\AjusteProlex_WPF.csproj", "{8BD39F63-DF43-402B-96C7-DAA539670CCC}"
EndProject
Project("{FAE04EC0-301F-11D3-BF4B-00C04F79EFBC}") = "AjusteProlex_Forms", "AjusteProlex_Forms\AjusteProlex_Forms.csproj", "{C985BE31-B042-4AE1-BEFA-D72ABEDE0AA2}"
EndProject
Global
	GlobalSection(SolutionConfigurationPlatforms) = preSolution
		Debug|Any CPU = Debug|Any CPU
		Release|Any CPU = Release|Any CPU
	EndGlobalSection
	GlobalSection(ProjectConfigurationPlatforms) = postSolution
		{8BD39F63-DF43-402B-96C7-DAA539670CCC}.Debug|Any CPU.ActiveCfg = Debug|Any CPU
		{8BD39F63-DF43-402B-96C7-DAA539670CCC}.Debug|Any CPU.Build.0 = Debug|Any CPU
		{8BD39F63-DF43-402B-96C7-DAA539670CCC}.Release|Any CPU.ActiveCfg = Release|Any CPU
		{8BD39F63-DF43-402B-96C7-DAA539670CCC}.Release|Any CPU.Build.0 = Release|Any CPU
		{C985BE31-B042-4AE1-BEFA-D72ABEDE0AA2}.Debug|Any CPU.ActiveCfg = Debug|Any CPU
		{C985BE31-B042-4AE1-BEFA-D72ABEDE0AA2}.Debug|Any CPU.Build.0 = Debug|Any CPU
		{C985BE31-B042-4AE1-BEFA-D72ABEDE0AA2}.Release|Any CPU.ActiveCfg = Release|Any CPU
		{C985BE31-B042-4AE1-BEFA-D72ABEDE0AA2}.Release|Any CPU.Build.0 = Release|Any CPU
	EndGlobalSection
	GlobalSection(SolutionProperties) = preSolution
		HideSolutionNode = FALSE
	EndGlobalSection
EndGlobal
